// !$*UTF8*$!
{
	archiveVersion = 1;
	classes = {
	};
	objectVersion = 46;
	objects = {

/* Begin PBXBuildFile section */
		DB381E921CAC0233009B95D8 /* Assets.xcassets in Resources */ = {isa = PBXBuildFile; fileRef = DB381E911CAC0233009B95D8 /* Assets.xcassets */; };
		DB5B69851C28DBCA00E25030 /* AppDelegate.swift in Sources */ = {isa = PBXBuildFile; fileRef = DB5B69841C28DBCA00E25030 /* AppDelegate.swift */; };
		DB5B69871C28DBCA00E25030 /* ViewController.swift in Sources */ = {isa = PBXBuildFile; fileRef = DB5B69861C28DBCA00E25030 /* ViewController.swift */; };
		DB5B698A1C28DBCA00E25030 /* Main.storyboard in Resources */ = {isa = PBXBuildFile; fileRef = DB5B69881C28DBCA00E25030 /* Main.storyboard */; };
		DB5B698F1C28DBCA00E25030 /* LaunchScreen.storyboard in Resources */ = {isa = PBXBuildFile; fileRef = DB5B698D1C28DBCA00E25030 /* LaunchScreen.storyboard */; };
		DB5B699A1C28DBCA00E25030 /* mobile_application_testTests.swift in Sources */ = {isa = PBXBuildFile; fileRef = DB5B69991C28DBCA00E25030 /* mobile_application_testTests.swift */; };
		DB5B69A51C28DBCA00E25030 /* mobile_application_testUITests.swift in Sources */ = {isa = PBXBuildFile; fileRef = DB5B69A41C28DBCA00E25030 /* mobile_application_testUITests.swift */; };
		DB7620111CA54E51007B2C2D /* CurrentSelections.swift in Sources */ = {isa = PBXBuildFile; fileRef = DB7620101CA54E51007B2C2D /* CurrentSelections.swift */; };
		DB7620131CA5833D007B2C2D /* CurrentSelectionViewController.swift in Sources */ = {isa = PBXBuildFile; fileRef = DB7620121CA5833D007B2C2D /* CurrentSelectionViewController.swift */; };
		DBA9781F1C84AACA003291E4 /* PCs.swift in Sources */ = {isa = PBXBuildFile; fileRef = DBA9781E1C84AACA003291E4 /* PCs.swift */; };
		DBA978201C84AACA003291E4 /* PCs.swift in Sources */ = {isa = PBXBuildFile; fileRef = DBA9781E1C84AACA003291E4 /* PCs.swift */; };
		DBA978231C859381003291E4 /* PcTableViewController.swift in Sources */ = {isa = PBXBuildFile; fileRef = DBA978211C859381003291E4 /* PcTableViewController.swift */; };
		DBA978281C86E68F003291E4 /* MonitorTableViewController.swift in Sources */ = {isa = PBXBuildFile; fileRef = DBA978271C86E68F003291E4 /* MonitorTableViewController.swift */; };
		DBA9782A1C870B17003291E4 /* Monitors.swift in Sources */ = {isa = PBXBuildFile; fileRef = DBA978291C870B17003291E4 /* Monitors.swift */; };
		DBA9782C1C8723AB003291E4 /* MonitorTableViewCell.swift in Sources */ = {isa = PBXBuildFile; fileRef = DBA9782B1C8723AB003291E4 /* MonitorTableViewCell.swift */; };
		DBDF941C1C83646B00693149 /* pcTableViewCell.swift in Sources */ = {isa = PBXBuildFile; fileRef = DBDF941B1C83646B00693149 /* pcTableViewCell.swift */; };
		DBF5DCDF1C960E2600C10022 /* AccTableViewCell.swift in Sources */ = {isa = PBXBuildFile; fileRef = DBF5DCDE1C960E2600C10022 /* AccTableViewCell.swift */; };
		DBF5DCE11C960E6D00C10022 /* AccTableViewController.swift in Sources */ = {isa = PBXBuildFile; fileRef = DBF5DCE01C960E6D00C10022 /* AccTableViewController.swift */; };
		DBF5DCE31C960EED00C10022 /* Accessories.swift in Sources */ = {isa = PBXBuildFile; fileRef = DBF5DCE21C960EED00C10022 /* Accessories.swift */; };
/* End PBXBuildFile section */

/* Begin PBXContainerItemProxy section */
		DB5B69961C28DBCA00E25030 /* PBXContainerItemProxy */ = {
			isa = PBXContainerItemProxy;
			containerPortal = DB5B69791C28DBCA00E25030 /* Project object */;
			proxyType = 1;
			remoteGlobalIDString = DB5B69801C28DBCA00E25030;
			remoteInfo = "mobile application test";
		};
		DB5B69A11C28DBCA00E25030 /* PBXContainerItemProxy */ = {
			isa = PBXContainerItemProxy;
			containerPortal = DB5B69791C28DBCA00E25030 /* Project object */;
			proxyType = 1;
			remoteGlobalIDString = DB5B69801C28DBCA00E25030;
			remoteInfo = "mobile application test";
		};
/* End PBXContainerItemProxy section */

/* Begin PBXFileReference section */
		DB381E911CAC0233009B95D8 /* Assets.xcassets */ = {isa = PBXFileReference; lastKnownFileType = folder.assetcatalog; path = Assets.xcassets; sourceTree = "<group>"; };
		DB5B69811C28DBCA00E25030 /* mobile application test.app */ = {isa = PBXFileReference; explicitFileType = wrapper.application; includeInIndex = 0; path = "mobile application test.app"; sourceTree = BUILT_PRODUCTS_DIR; };
		DB5B69841C28DBCA00E25030 /* AppDelegate.swift */ = {isa = PBXFileReference; lastKnownFileType = sourcecode.swift; path = AppDelegate.swift; sourceTree = "<group>"; };
		DB5B69861C28DBCA00E25030 /* ViewController.swift */ = {isa = PBXFileReference; lastKnownFileType = sourcecode.swift; path = ViewController.swift; sourceTree = "<group>"; };
		DB5B69891C28DBCA00E25030 /* Base */ = {isa = PBXFileReference; lastKnownFileType = file.storyboard; name = Base; path = Base.lproj/Main.storyboard; sourceTree = "<group>"; };
		DB5B698E1C28DBCA00E25030 /* Base */ = {isa = PBXFileReference; lastKnownFileType = file.storyboard; name = Base; path = Base.lproj/LaunchScreen.storyboard; sourceTree = "<group>"; };
		DB5B69901C28DBCA00E25030 /* Info.plist */ = {isa = PBXFileReference; lastKnownFileType = text.plist.xml; path = Info.plist; sourceTree = "<group>"; };
		DB5B69951C28DBCA00E25030 /* mobile application testTests.xctest */ = {isa = PBXFileReference; explicitFileType = wrapper.cfbundle; includeInIndex = 0; path = "mobile application testTests.xctest"; sourceTree = BUILT_PRODUCTS_DIR; };
		DB5B69991C28DBCA00E25030 /* mobile_application_testTests.swift */ = {isa = PBXFileReference; lastKnownFileType = sourcecode.swift; path = mobile_application_testTests.swift; sourceTree = "<group>"; };
		DB5B699B1C28DBCA00E25030 /* Info.plist */ = {isa = PBXFileReference; lastKnownFileType = text.plist.xml; path = Info.plist; sourceTree = "<group>"; };
		DB5B69A01C28DBCA00E25030 /* mobile application testUITests.xctest */ = {isa = PBXFileReference; explicitFileType = wrapper.cfbundle; includeInIndex = 0; path = "mobile application testUITests.xctest"; sourceTree = BUILT_PRODUCTS_DIR; };
		DB5B69A41C28DBCA00E25030 /* mobile_application_testUITests.swift */ = {isa = PBXFileReference; lastKnownFileType = sourcecode.swift; path = mobile_application_testUITests.swift; sourceTree = "<group>"; };
		DB5B69A61C28DBCA00E25030 /* Info.plist */ = {isa = PBXFileReference; lastKnownFileType = text.plist.xml; path = Info.plist; sourceTree = "<group>"; };
		DB7620101CA54E51007B2C2D /* CurrentSelections.swift */ = {isa = PBXFileReference; fileEncoding = 4; lastKnownFileType = sourcecode.swift; path = CurrentSelections.swift; sourceTree = "<group>"; };
		DB7620121CA5833D007B2C2D /* CurrentSelectionViewController.swift */ = {isa = PBXFileReference; fileEncoding = 4; lastKnownFileType = sourcecode.swift; path = CurrentSelectionViewController.swift; sourceTree = "<group>"; };
		DBA9781E1C84AACA003291E4 /* PCs.swift */ = {isa = PBXFileReference; fileEncoding = 4; lastKnownFileType = sourcecode.swift; path = PCs.swift; sourceTree = "<group>"; };
		DBA978211C859381003291E4 /* PcTableViewController.swift */ = {isa = PBXFileReference; fileEncoding = 4; lastKnownFileType = sourcecode.swift; path = PcTableViewController.swift; sourceTree = "<group>"; };
		DBA978271C86E68F003291E4 /* MonitorTableViewController.swift */ = {isa = PBXFileReference; fileEncoding = 4; lastKnownFileType = sourcecode.swift; path = MonitorTableViewController.swift; sourceTree = "<group>"; };
		DBA978291C870B17003291E4 /* Monitors.swift */ = {isa = PBXFileReference; fileEncoding = 4; lastKnownFileType = sourcecode.swift; path = Monitors.swift; sourceTree = "<group>"; };
		DBA9782B1C8723AB003291E4 /* MonitorTableViewCell.swift */ = {isa = PBXFileReference; fileEncoding = 4; lastKnownFileType = sourcecode.swift; path = MonitorTableViewCell.swift; sourceTree = "<group>"; };
		DBDF941B1C83646B00693149 /* pcTableViewCell.swift */ = {isa = PBXFileReference; fileEncoding = 4; lastKnownFileType = sourcecode.swift; path = pcTableViewCell.swift; sourceTree = "<group>"; };
		DBF5DCDE1C960E2600C10022 /* AccTableViewCell.swift */ = {isa = PBXFileReference; fileEncoding = 4; lastKnownFileType = sourcecode.swift; path = AccTableViewCell.swift; sourceTree = "<group>"; };
		DBF5DCE01C960E6D00C10022 /* AccTableViewController.swift */ = {isa = PBXFileReference; fileEncoding = 4; lastKnownFileType = sourcecode.swift; path = AccTableViewController.swift; sourceTree = "<group>"; };
		DBF5DCE21C960EED00C10022 /* Accessories.swift */ = {isa = PBXFileReference; fileEncoding = 4; lastKnownFileType = sourcecode.swift; path = Accessories.swift; sourceTree = "<group>"; };
/* End PBXFileReference section */

/* Begin PBXFrameworksBuildPhase section */
		DB5B697E1C28DBCA00E25030 /* Frameworks */ = {
			isa = PBXFrameworksBuildPhase;
			buildActionMask = 2147483647;
			files = (
			);
			runOnlyForDeploymentPostprocessing = 0;
		};
		DB5B69921C28DBCA00E25030 /* Frameworks */ = {
			isa = PBXFrameworksBuildPhase;
			buildActionMask = 2147483647;
			files = (
			);
			runOnlyForDeploymentPostprocessing = 0;
		};
		DB5B699D1C28DBCA00E25030 /* Frameworks */ = {
			isa = PBXFrameworksBuildPhase;
			buildActionMask = 2147483647;
			files = (
			);
			runOnlyForDeploymentPostprocessing = 0;
		};
/* End PBXFrameworksBuildPhase section */

/* Begin PBXGroup section */
		DB5B69781C28DBCA00E25030 = {
			isa = PBXGroup;
			children = (
				DB5B69831C28DBCA00E25030 /* mobile application test */,
				DB5B69981C28DBCA00E25030 /* mobile application testTests */,
				DB5B69A31C28DBCA00E25030 /* mobile application testUITests */,
				DB5B69821C28DBCA00E25030 /* Products */,
			);
			sourceTree = "<group>";
		};
		DB5B69821C28DBCA00E25030 /* Products */ = {
			isa = PBXGroup;
			children = (
				DB5B69811C28DBCA00E25030 /* mobile application test.app */,
				DB5B69951C28DBCA00E25030 /* mobile application testTests.xctest */,
				DB5B69A01C28DBCA00E25030 /* mobile application testUITests.xctest */,
			);
			name = Products;
			sourceTree = "<group>";
		};
		DB5B69831C28DBCA00E25030 /* mobile application test */ = {
			isa = PBXGroup;
			children = (
				DB381E911CAC0233009B95D8 /* Assets.xcassets */,
				DBF5DCDD1C9609C800C10022 /* Monitors */,
				DB5B69841C28DBCA00E25030 /* AppDelegate.swift */,
				DB5B69861C28DBCA00E25030 /* ViewController.swift */,
				DB5B69881C28DBCA00E25030 /* Main.storyboard */,
				DBA978251C86E390003291E4 /* PCs */,
				DB5B698D1C28DBCA00E25030 /* LaunchScreen.storyboard */,
				DB5B69901C28DBCA00E25030 /* Info.plist */,
				DBF5DCE41C96131300C10022 /* Accessories */,
				DB7620101CA54E51007B2C2D /* CurrentSelections.swift */,
				DB7620121CA5833D007B2C2D /* CurrentSelectionViewController.swift */,
			);
			path = "mobile application test";
			sourceTree = "<group>";
		};
		DB5B69981C28DBCA00E25030 /* mobile application testTests */ = {
			isa = PBXGroup;
			children = (
				DB5B69991C28DBCA00E25030 /* mobile_application_testTests.swift */,
				DB5B699B1C28DBCA00E25030 /* Info.plist */,
			);
			path = "mobile application testTests";
			sourceTree = "<group>";
		};
		DB5B69A31C28DBCA00E25030 /* mobile application testUITests */ = {
			isa = PBXGroup;
			children = (
				DB5B69A41C28DBCA00E25030 /* mobile_application_testUITests.swift */,
				DB5B69A61C28DBCA00E25030 /* Info.plist */,
			);
			path = "mobile application testUITests";
			sourceTree = "<group>";
		};
		DBA978251C86E390003291E4 /* PCs */ = {
			isa = PBXGroup;
			children = (
				DBA9781E1C84AACA003291E4 /* PCs.swift */,
				DBA978211C859381003291E4 /* PcTableViewController.swift */,
				DBDF941B1C83646B00693149 /* pcTableViewCell.swift */,
			);
			name = PCs;
			sourceTree = "<group>";
		};
		DBF5DCDD1C9609C800C10022 /* Monitors */ = {
			isa = PBXGroup;
			children = (
				DBA978271C86E68F003291E4 /* MonitorTableViewController.swift */,
				DBA978291C870B17003291E4 /* Monitors.swift */,
				DBA9782B1C8723AB003291E4 /* MonitorTableViewCell.swift */,
			);
			name = Monitors;
			sourceTree = "<group>";
		};
		DBF5DCE41C96131300C10022 /* Accessories */ = {
			isa = PBXGroup;
			children = (
				DBF5DCDE1C960E2600C10022 /* AccTableViewCell.swift */,
				DBF5DCE01C960E6D00C10022 /* AccTableViewController.swift */,
				DBF5DCE21C960EED00C10022 /* Accessories.swift */,
			);
			name = Accessories;
			sourceTree = "<group>";
		};
/* End PBXGroup section */

/* Begin PBXNativeTarget section */
		DB5B69801C28DBCA00E25030 /* mobile application test */ = {
			isa = PBXNativeTarget;
			buildConfigurationList = DB5B69A91C28DBCA00E25030 /* Build configuration list for PBXNativeTarget "mobile application test" */;
			buildPhases = (
				DB5B697D1C28DBCA00E25030 /* Sources */,
				DB5B697E1C28DBCA00E25030 /* Frameworks */,
				DB5B697F1C28DBCA00E25030 /* Resources */,
			);
			buildRules = (
			);
			dependencies = (
			);
			name = "mobile application test";
			productName = "mobile application test";
			productReference = DB5B69811C28DBCA00E25030 /* mobile application test.app */;
			productType = "com.apple.product-type.application";
		};
		DB5B69941C28DBCA00E25030 /* mobile application testTests */ = {
			isa = PBXNativeTarget;
			buildConfigurationList = DB5B69AC1C28DBCA00E25030 /* Build configuration list for PBXNativeTarget "mobile application testTests" */;
			buildPhases = (
				DB5B69911C28DBCA00E25030 /* Sources */,
				DB5B69921C28DBCA00E25030 /* Frameworks */,
				DB5B69931C28DBCA00E25030 /* Resources */,
			);
			buildRules = (
			);
			dependencies = (
				DB5B69971C28DBCA00E25030 /* PBXTargetDependency */,
			);
			name = "mobile application testTests";
			productName = "mobile application testTests";
			productReference = DB5B69951C28DBCA00E25030 /* mobile application testTests.xctest */;
			productType = "com.apple.product-type.bundle.unit-test";
		};
		DB5B699F1C28DBCA00E25030 /* mobile application testUITests */ = {
			isa = PBXNativeTarget;
			buildConfigurationList = DB5B69AF1C28DBCA00E25030 /* Build configuration list for PBXNativeTarget "mobile application testUITests" */;
			buildPhases = (
				DB5B699C1C28DBCA00E25030 /* Sources */,
				DB5B699D1C28DBCA00E25030 /* Frameworks */,
				DB5B699E1C28DBCA00E25030 /* Resources */,
			);
			buildRules = (
			);
			dependencies = (
				DB5B69A21C28DBCA00E25030 /* PBXTargetDependency */,
			);
			name = "mobile application testUITests";
			productName = "mobile application testUITests";
			productReference = DB5B69A01C28DBCA00E25030 /* mobile application testUITests.xctest */;
			productType = "com.apple.product-type.bundle.ui-testing";
		};
/* End PBXNativeTarget section */

/* Begin PBXProject section */
		DB5B69791C28DBCA00E25030 /* Project object */ = {
			isa = PBXProject;
			attributes = {
				LastSwiftUpdateCheck = 0720;
				LastUpgradeCheck = 0720;
				ORGANIZATIONNAME = "Sam Isaacs";
				TargetAttributes = {
					DB5B69801C28DBCA00E25030 = {
						CreatedOnToolsVersion = 7.2;
						DevelopmentTeam = 7LW5526J74;
					};
					DB5B69941C28DBCA00E25030 = {
						CreatedOnToolsVersion = 7.2;
						TestTargetID = DB5B69801C28DBCA00E25030;
					};
					DB5B699F1C28DBCA00E25030 = {
						CreatedOnToolsVersion = 7.2;
						TestTargetID = DB5B69801C28DBCA00E25030;
					};
				};
			};
			buildConfigurationList = DB5B697C1C28DBCA00E25030 /* Build configuration list for PBXProject "mobile application test" */;
			compatibilityVersion = "Xcode 3.2";
			developmentRegion = English;
			hasScannedForEncodings = 0;
			knownRegions = (
				en,
				Base,
			);
			mainGroup = DB5B69781C28DBCA00E25030;
			productRefGroup = DB5B69821C28DBCA00E25030 /* Products */;
			projectDirPath = "";
			projectRoot = "";
			targets = (
				DB5B69801C28DBCA00E25030 /* mobile application test */,
				DB5B69941C28DBCA00E25030 /* mobile application testTests */,
				DB5B699F1C28DBCA00E25030 /* mobile application testUITests */,
			);
		};
/* End PBXProject section */

/* Begin PBXResourcesBuildPhase section */
		DB5B697F1C28DBCA00E25030 /* Resources */ = {
			isa = PBXResourcesBuildPhase;
			buildActionMask = 2147483647;
			files = (
				DB5B698F1C28DBCA00E25030 /* LaunchScreen.storyboard in Resources */,
				DB381E921CAC0233009B95D8 /* Assets.xcassets in Resources */,
				DB5B698A1C28DBCA00E25030 /* Main.storyboard in Resources */,
			);
			runOnlyForDeploymentPostprocessing = 0;
		};
		DB5B69931C28DBCA00E25030 /* Resources */ = {
			isa = PBXResourcesBuildPhase;
			buildActionMask = 2147483647;
			files = (
			);
			runOnlyForDeploymentPostprocessing = 0;
		};
		DB5B699E1C28DBCA00E25030 /* Resources */ = {
			isa = PBXResourcesBuildPhase;
			buildActionMask = 2147483647;
			files = (
			);
			runOnlyForDeploymentPostprocessing = 0;
		};
/* End PBXResourcesBuildPhase section */

/* Begin PBXSourcesBuildPhase section */
		DB5B697D1C28DBCA00E25030 /* Sources */ = {
			isa = PBXSourcesBuildPhase;
			buildActionMask = 2147483647;
			files = (
				DB7620131CA5833D007B2C2D /* CurrentSelectionViewController.swift in Sources */,
				DBA9782C1C8723AB003291E4 /* MonitorTableViewCell.swift in Sources */,
				DBA9782A1C870B17003291E4 /* Monitors.swift in Sources */,
				DBF5DCE31C960EED00C10022 /* Accessories.swift in Sources */,
				DBA978281C86E68F003291E4 /* MonitorTableViewController.swift in Sources */,
				DB5B69871C28DBCA00E25030 /* ViewController.swift in Sources */,
				DBF5DCDF1C960E2600C10022 /* AccTableViewCell.swift in Sources */,
				DB7620111CA54E51007B2C2D /* CurrentSelections.swift in Sources */,
				DBA978231C859381003291E4 /* PcTableViewController.swift in Sources */,
				DBDF941C1C83646B00693149 /* pcTableViewCell.swift in Sources */,
				DBF5DCE11C960E6D00C10022 /* AccTableViewController.swift in Sources */,
				DBA9781F1C84AACA003291E4 /* PCs.swift in Sources */,
				DB5B69851C28DBCA00E25030 /* AppDelegate.swift in Sources */,
			);
			runOnlyForDeploymentPostprocessing = 0;
		};
		DB5B69911C28DBCA00E25030 /* Sources */ = {
			isa = PBXSourcesBuildPhase;
			buildActionMask = 2147483647;
			files = (
				DBA978201C84AACA003291E4 /* PCs.swift in Sources */,
				DB5B699A1C28DBCA00E25030 /* mobile_application_testTests.swift in Sources */,
			);
			runOnlyForDeploymentPostprocessing = 0;
		};
		DB5B699C1C28DBCA00E25030 /* Sources */ = {
			isa = PBXSourcesBuildPhase;
			buildActionMask = 2147483647;
			files = (
				DB5B69A51C28DBCA00E25030 /* mobile_application_testUITests.swift in Sources */,
			);
			runOnlyForDeploymentPostprocessing = 0;
		};
/* End PBXSourcesBuildPhase section */

/* Begin PBXTargetDependency section */
		DB5B69971C28DBCA00E25030 /* PBXTargetDependency */ = {
			isa = PBXTargetDependency;
			target = DB5B69801C28DBCA00E25030 /* mobile application test */;
			targetProxy = DB5B69961C28DBCA00E25030 /* PBXContainerItemProxy */;
		};
		DB5B69A21C28DBCA00E25030 /* PBXTargetDependency */ = {
			isa = PBXTargetDependency;
			target = DB5B69801C28DBCA00E25030 /* mobile application test */;
			targetProxy = DB5B69A11C28DBCA00E25030 /* PBXContainerItemProxy */;
		};
/* End PBXTargetDependency section */

/* Begin PBXVariantGroup section */
		DB5B69881C28DBCA00E25030 /* Main.storyboard */ = {
			isa = PBXVariantGroup;
			children = (
				DB5B69891C28DBCA00E25030 /* Base */,
			);
			name = Main.storyboard;
			sourceTree = "<group>";
		};
		DB5B698D1C28DBCA00E25030 /* LaunchScreen.storyboard */ = {
			isa = PBXVariantGroup;
			children = (
				DB5B698E1C28DBCA00E25030 /* Base */,
			);
			name = LaunchScreen.storyboard;
			sourceTree = "<group>";
		};
/* End PBXVariantGroup section */

/* Begin XCBuildConfiguration section */
		DB5B69A71C28DBCA00E25030 /* Debug */ = {
			isa = XCBuildConfiguration;
			buildSettings = {
				ALWAYS_SEARCH_USER_PATHS = NO;
				CLANG_CXX_LANGUAGE_STANDARD = "gnu++0x";
				CLANG_CXX_LIBRARY = "libc++";
				CLANG_ENABLE_MODULES = YES;
				CLANG_ENABLE_OBJC_ARC = YES;
				CLANG_WARN_BOOL_CONVERSION = YES;
				CLANG_WARN_CONSTANT_CONVERSION = YES;
				CLANG_WARN_DIRECT_OBJC_ISA_USAGE = YES_ERROR;
				CLANG_WARN_EMPTY_BODY = YES;
				CLANG_WARN_ENUM_CONVERSION = YES;
				CLANG_WARN_INT_CONVERSION = YES;
				CLANG_WARN_OBJC_ROOT_CLASS = YES_ERROR;
				CLANG_WARN_UNREACHABLE_CODE = YES;
				CLANG_WARN__DUPLICATE_METHOD_MATCH = YES;
				"CODE_SIGN_IDENTITY[sdk=iphoneos*]" = "iPhone Developer";
				COPY_PHASE_STRIP = NO;
				DEBUG_INFORMATION_FORMAT = dwarf;
				ENABLE_STRICT_OBJC_MSGSEND = YES;
				ENABLE_TESTABILITY = YES;
				GCC_C_LANGUAGE_STANDARD = gnu99;
				GCC_DYNAMIC_NO_PIC = NO;
				GCC_NO_COMMON_BLOCKS = YES;
				GCC_OPTIMIZATION_LEVEL = 0;
				GCC_PREPROCESSOR_DEFINITIONS = (
					"DEBUG=1",
					"$(inherited)",
				);
				GCC_WARN_64_TO_32_BIT_CONVERSION = YES;
				GCC_WARN_ABOUT_RETURN_TYPE = YES_ERROR;
				GCC_WARN_UNDECLARED_SELECTOR = YES;
				GCC_WARN_UNINITIALIZED_AUTOS = YES_AGGRESSIVE;
				GCC_WARN_UNUSED_FUNCTION = YES;
				GCC_WARN_UNUSED_VARIABLE = YES;
				IPHONEOS_DEPLOYMENT_TARGET = 9.2;
				MTL_ENABLE_DEBUG_INFO = YES;
				ONLY_ACTIVE_ARCH = YES;
				SDKROOT = iphoneos;
				SWIFT_OPTIMIZATION_LEVEL = "-Onone";
				TARGETED_DEVICE_FAMILY = 2;
			};
			name = Debug;
		};
		DB5B69A81C28DBCA00E25030 /* Release */ = {
			isa = XCBuildConfiguration;
			buildSettings = {
				ALWAYS_SEARCH_USER_PATHS = NO;
				CLANG_CXX_LANGUAGE_STANDARD = "gnu++0x";
				CLANG_CXX_LIBRARY = "libc++";
				CLANG_ENABLE_MODULES = YES;
				CLANG_ENABLE_OBJC_ARC = YES;
				CLANG_WARN_BOOL_CONVERSION = YES;
				CLANG_WARN_CONSTANT_CONVERSION = YES;
				CLANG_WARN_DIRECT_OBJC_ISA_USAGE = YES_ERROR;
				CLANG_WARN_EMPTY_BODY = YES;
				CLANG_WARN_ENUM_CONVERSION = YES;
				CLANG_WARN_INT_CONVERSION = YES;
				CLANG_WARN_OBJC_ROOT_CLASS = YES_ERROR;
				CLANG_WARN_UNREACHABLE_CODE = YES;
				CLANG_WARN__DUPLICATE_METHOD_MATCH = YES;
				"CODE_SIGN_IDENTITY[sdk=iphoneos*]" = "iPhone Developer";
				COPY_PHASE_STRIP = NO;
				DEBUG_INFORMATION_FORMAT = "dwarf-with-dsym";
				ENABLE_NS_ASSERTIONS = NO;
				ENABLE_STRICT_OBJC_MSGSEND = YES;
				GCC_C_LANGUAGE_STANDARD = gnu99;
				GCC_NO_COMMON_BLOCKS = YES;
				GCC_WARN_64_TO_32_BIT_CONVERSION = YES;
				GCC_WARN_ABOUT_RETURN_TYPE = YES_ERROR;
				GCC_WARN_UNDECLARED_SELECTOR = YES;
				GCC_WARN_UNINITIALIZED_AUTOS = YES_AGGRESSIVE;
				GCC_WARN_UNUSED_FUNCTION = YES;
				GCC_WARN_UNUSED_VARIABLE = YES;
				IPHONEOS_DEPLOYMENT_TARGET = 9.2;
				MTL_ENABLE_DEBUG_INFO = NO;
				SDKROOT = iphoneos;
				TARGETED_DEVICE_FAMILY = 2;
				VALIDATE_PRODUCT = YES;
			};
			name = Release;
		};
		DB5B69AA1C28DBCA00E25030 /* Debug */ = {
			isa = XCBuildConfiguration;
			buildSettings = {
				ASSETCATALOG_COMPILER_APPICON_NAME = AppIcon;
				CODE_SIGN_IDENTITY = "iPhone Developer";
				"CODE_SIGN_IDENTITY[sdk=iphoneos*]" = "iPhone Developer";
				INFOPLIST_FILE = "mobile application test/Info.plist";
				LD_RUNPATH_SEARCH_PATHS = "$(inherited) @executable_path/Frameworks";
				PRODUCT_BUNDLE_IDENTIFIER = "uni.mobile-application-test";
				PRODUCT_NAME = "$(TARGET_NAME)";
				PROVISIONING_PROFILE = "";
			};
			name = Debug;
		};
		DB5B69AB1C28DBCA00E25030 /* Release */ = {
			isa = XCBuildConfiguration;
			buildSettings = {
				ASSETCATALOG_COMPILER_APPICON_NAME = AppIcon;
				CODE_SIGN_IDENTITY = "iPhone Developer";
				"CODE_SIGN_IDENTITY[sdk=iphoneos*]" = "iPhone Developer";
				INFOPLIST_FILE = "mobile application test/Info.plist";
				LD_RUNPATH_SEARCH_PATHS = "$(inherited) @executable_path/Frameworks";
				PRODUCT_BUNDLE_IDENTIFIER = "uni.mobile-application-test";
				PRODUCT_NAME = "$(TARGET_NAME)";
				PROVISIONING_PROFILE = "";
			};
			name = Release;
		};
		DB5B69AD1C28DBCA00E25030 /* Debug */ = {
			isa = XCBuildConfiguration;
			buildSettings = {
				BUNDLE_LOADER = "$(TEST_HOST)";
				INFOPLIST_FILE = "mobile application testTests/Info.plist";
				LD_RUNPATH_SEARCH_PATHS = "$(inherited) @executable_path/Frameworks @loader_path/Frameworks";
				PRODUCT_BUNDLE_IDENTIFIER = "uni.mobile-application-testTests";
				PRODUCT_NAME = "$(TARGET_NAME)";
				TEST_HOST = "$(BUILT_PRODUCTS_DIR)/mobile application test.app/mobile application test";
			};
			name = Debug;
		};
		DB5B69AE1C28DBCA00E25030 /* Release */ = {
			isa = XCBuildConfiguration;
			buildSettings = {
				BUNDLE_LOADER = "$(TEST_HOST)";
				INFOPLIST_FILE = "mobile application testTests/Info.plist";
				LD_RUNPATH_SEARCH_PATHS = "$(inherited) @executable_path/Frameworks @loader_path/Frameworks";
				PRODUCT_BUNDLE_IDENTIFIER = "uni.mobile-application-testTests";
				PRODUCT_NAME = "$(TARGET_NAME)";
				TEST_HOST = "$(BUILT_PRODUCTS_DIR)/mobile application test.app/mobile application test";
			};
			name = Release;
		};
		DB5B69B01C28DBCA00E25030 /* Debug */ = {
			isa = XCBuildConfiguration;
			buildSettings = {
				INFOPLIST_FILE = "mobile application testUITests/Info.plist";
				LD_RUNPATH_SEARCH_PATHS = "$(inherited) @executable_path/Frameworks @loader_path/Frameworks";
				PRODUCT_BUNDLE_IDENTIFIER = "uni.mobile-application-testUITests";
				PRODUCT_NAME = "$(TARGET_NAME)";
				TEST_TARGET_NAME = "mobile application test";
				USES_XCTRUNNER = YES;
			};
			name = Debug;
		};
		DB5B69B11C28DBCA00E25030 /* Release */ = {
			isa = XCBuildConfiguration;
			buildSettings = {
				INFOPLIST_FILE = "mobile application testUITests/Info.plist";
				LD_RUNPATH_SEARCH_PATHS = "$(inherited) @executable_path/Frameworks @loader_path/Frameworks";
				PRODUCT_BUNDLE_IDENTIFIER = "uni.mobile-application-testUITests";
				PRODUCT_NAME = "$(TARGET_NAME)";
				TEST_TARGET_NAME = "mobile application test";
				USES_XCTRUNNER = YES;
			};
			name = Release;
		};
/* End XCBuildConfiguration section */

/* Begin XCConfigurationList section */
		DB5B697C1C28DBCA00E25030 /* Build configuration list for PBXProject "mobile application test" */ = {
			isa = XCConfigurationList;
			buildConfigurations = (
				DB5B69A71C28DBCA00E25030 /* Debug */,
				DB5B69A81C28DBCA00E25030 /* Release */,
			);
			defaultConfigurationIsVisible = 0;
			defaultConfigurationName = Release;
		};
		DB5B69A91C28DBCA00E25030 /* Build configuration list for PBXNativeTarget "mobile application test" */ = {
			isa = XCConfigurationList;
			buildConfigurations = (
				DB5B69AA1C28DBCA00E25030 /* Debug */,
				DB5B69AB1C28DBCA00E25030 /* Release */,
			);
			defaultConfigurationIsVisible = 0;
			defaultConfigurationName = Release;
		};
		DB5B69AC1C28DBCA00E25030 /* Build configuration list for PBXNativeTarget "mobile application testTests" */ = {
			isa = XCConfigurationList;
			buildConfigurations = (
				DB5B69AD1C28DBCA00E25030 /* Debug */,
				DB5B69AE1C28DBCA00E25030 /* Release */,
			);
			defaultConfigurationIsVisible = 0;
			defaultConfigurationName = Release;
		};
		DB5B69AF1C28DBCA00E25030 /* Build configuration list for PBXNativeTarget "mobile application testUITests" */ = {
			isa = XCConfigurationList;
			buildConfigurations = (
				DB5B69B01C28DBCA00E25030 /* Debug */,
				DB5B69B11C28DBCA00E25030 /* Release */,
			);
			defaultConfigurationIsVisible = 0;
			defaultConfigurationName = Release;
		};
/* End XCConfigurationList section */
	};
	rootObject = DB5B69791C28DBCA00E25030 /* Project object */;
}
